// !$*UTF8*$!
{
	archiveVersion = 1;
	classes = {
	};
	objectVersion = 46;
	objects = {

/* Begin PBXBuildFile section */
		F42EA3641F7A1B7A00C492F2 /* AppDelegate.swift in Sources */ = {isa = PBXBuildFile; fileRef = F42EA3631F7A1B7A00C492F2 /* AppDelegate.swift */; };
		F42EA3661F7A1B7A00C492F2 /* ViewController.swift in Sources */ = {isa = PBXBuildFile; fileRef = F42EA3651F7A1B7A00C492F2 /* ViewController.swift */; };
		F42EA3691F7A1B7A00C492F2 /* Main.storyboard in Resources */ = {isa = PBXBuildFile; fileRef = F42EA3671F7A1B7A00C492F2 /* Main.storyboard */; };
		F42EA36B1F7A1B7A00C492F2 /* Assets.xcassets in Resources */ = {isa = PBXBuildFile; fileRef = F42EA36A1F7A1B7A00C492F2 /* Assets.xcassets */; };
		F42EA36E1F7A1B7A00C492F2 /* LaunchScreen.storyboard in Resources */ = {isa = PBXBuildFile; fileRef = F42EA36C1F7A1B7A00C492F2 /* LaunchScreen.storyboard */; };
		F42EA3791F7A1B7A00C492F2 /* StructuresTests.swift in Sources */ = {isa = PBXBuildFile; fileRef = F42EA3781F7A1B7A00C492F2 /* StructuresTests.swift */; };
		F42EA3841F7A1B7A00C492F2 /* StructuresUITests.swift in Sources */ = {isa = PBXBuildFile; fileRef = F42EA3831F7A1B7A00C492F2 /* StructuresUITests.swift */; };
/* End PBXBuildFile section */

/* Begin PBXContainerItemProxy section */
		F42EA3751F7A1B7A00C492F2 /* PBXContainerItemProxy */ = {
			isa = PBXContainerItemProxy;
			containerPortal = F42EA3581F7A1B7900C492F2 /* Project object */;
			proxyType = 1;
			remoteGlobalIDString = F42EA35F1F7A1B7900C492F2;
			remoteInfo = Structures;
		};
		F42EA3801F7A1B7A00C492F2 /* PBXContainerItemProxy */ = {
			isa = PBXContainerItemProxy;
			containerPortal = F42EA3581F7A1B7900C492F2 /* Project object */;
			proxyType = 1;
			remoteGlobalIDString = F42EA35F1F7A1B7900C492F2;
			remoteInfo = Structures;
		};
/* End PBXContainerItemProxy section */

/* Begin PBXFileReference section */
		F42EA3601F7A1B7A00C492F2 /* Structures.app */ = {isa = PBXFileReference; explicitFileType = wrapper.application; includeInIndex = 0; path = Structures.app; sourceTree = BUILT_PRODUCTS_DIR; };
		F42EA3631F7A1B7A00C492F2 /* AppDelegate.swift */ = {isa = PBXFileReference; lastKnownFileType = sourcecode.swift; path = AppDelegate.swift; sourceTree = "<group>"; };
		F42EA3651F7A1B7A00C492F2 /* ViewController.swift */ = {isa = PBXFileReference; lastKnownFileType = sourcecode.swift; path = ViewController.swift; sourceTree = "<group>"; };
		F42EA3681F7A1B7A00C492F2 /* Base */ = {isa = PBXFileReference; lastKnownFileType = file.storyboard; name = Base; path = Base.lproj/Main.storyboard; sourceTree = "<group>"; };
		F42EA36A1F7A1B7A00C492F2 /* Assets.xcassets */ = {isa = PBXFileReference; lastKnownFileType = folder.assetcatalog; path = Assets.xcassets; sourceTree = "<group>"; };
		F42EA36D1F7A1B7A00C492F2 /* Base */ = {isa = PBXFileReference; lastKnownFileType = file.storyboard; name = Base; path = Base.lproj/LaunchScreen.storyboard; sourceTree = "<group>"; };
		F42EA36F1F7A1B7A00C492F2 /* Info.plist */ = {isa = PBXFileReference; lastKnownFileType = text.plist.xml; path = Info.plist; sourceTree = "<group>"; };
		F42EA3741F7A1B7A00C492F2 /* StructuresTests.xctest */ = {isa = PBXFileReference; explicitFileType = wrapper.cfbundle; includeInIndex = 0; path = StructuresTests.xctest; sourceTree = BUILT_PRODUCTS_DIR; };
		F42EA3781F7A1B7A00C492F2 /* StructuresTests.swift */ = {isa = PBXFileReference; lastKnownFileType = sourcecode.swift; path = StructuresTests.swift; sourceTree = "<group>"; };
		F42EA37A1F7A1B7A00C492F2 /* Info.plist */ = {isa = PBXFileReference; lastKnownFileType = text.plist.xml; path = Info.plist; sourceTree = "<group>"; };
		F42EA37F1F7A1B7A00C492F2 /* StructuresUITests.xctest */ = {isa = PBXFileReference; explicitFileType = wrapper.cfbundle; includeInIndex = 0; path = StructuresUITests.xctest; sourceTree = BUILT_PRODUCTS_DIR; };
		F42EA3831F7A1B7A00C492F2 /* StructuresUITests.swift */ = {isa = PBXFileReference; lastKnownFileType = sourcecode.swift; path = StructuresUITests.swift; sourceTree = "<group>"; };
		F42EA3851F7A1B7A00C492F2 /* Info.plist */ = {isa = PBXFileReference; lastKnownFileType = text.plist.xml; path = Info.plist; sourceTree = "<group>"; };
		F43C07ED1F7BD0A000E422B4 /* StructurePlayground.playground */ = {isa = PBXFileReference; lastKnownFileType = file.playground; path = StructurePlayground.playground; sourceTree = "<group>"; };
		F4AFB7591F7BC4E200188EC4 /* ClosurePlayground.playground */ = {isa = PBXFileReference; lastKnownFileType = file.playground; path = ClosurePlayground.playground; sourceTree = "<group>"; };
		F4AFB75A1F7BC64F00188EC4 /* enumPlayground.playground */ = {isa = PBXFileReference; lastKnownFileType = file.playground; path = enumPlayground.playground; sourceTree = "<group>"; };
/* End PBXFileReference section */

/* Begin PBXFrameworksBuildPhase section */
		F42EA35D1F7A1B7900C492F2 /* Frameworks */ = {
			isa = PBXFrameworksBuildPhase;
			buildActionMask = 2147483647;
			files = (
			);
			runOnlyForDeploymentPostprocessing = 0;
		};
		F42EA3711F7A1B7A00C492F2 /* Frameworks */ = {
			isa = PBXFrameworksBuildPhase;
			buildActionMask = 2147483647;
			files = (
			);
			runOnlyForDeploymentPostprocessing = 0;
		};
		F42EA37C1F7A1B7A00C492F2 /* Frameworks */ = {
			isa = PBXFrameworksBuildPhase;
			buildActionMask = 2147483647;
			files = (
			);
			runOnlyForDeploymentPostprocessing = 0;
		};
/* End PBXFrameworksBuildPhase section */

/* Begin PBXGroup section */
		F42EA3571F7A1B7900C492F2 = {
			isa = PBXGroup;
			children = (
				F42EA3621F7A1B7A00C492F2 /* Structures */,
				F42EA3771F7A1B7A00C492F2 /* StructuresTests */,
				F42EA3821F7A1B7A00C492F2 /* StructuresUITests */,
				F42EA3611F7A1B7A00C492F2 /* Products */,
			);
			sourceTree = "<group>";
		};
		F42EA3611F7A1B7A00C492F2 /* Products */ = {
			isa = PBXGroup;
			children = (
				F42EA3601F7A1B7A00C492F2 /* Structures.app */,
				F42EA3741F7A1B7A00C492F2 /* StructuresTests.xctest */,
				F42EA37F1F7A1B7A00C492F2 /* StructuresUITests.xctest */,
			);
			name = Products;
			sourceTree = "<group>";
		};
		F42EA3621F7A1B7A00C492F2 /* Structures */ = {
			isa = PBXGroup;
			children = (
				F43C07ED1F7BD0A000E422B4 /* StructurePlayground.playground */,
				F4AFB7591F7BC4E200188EC4 /* ClosurePlayground.playground */,
				F42EA3631F7A1B7A00C492F2 /* AppDelegate.swift */,
				F42EA3651F7A1B7A00C492F2 /* ViewController.swift */,
				F42EA3671F7A1B7A00C492F2 /* Main.storyboard */,
				F42EA36A1F7A1B7A00C492F2 /* Assets.xcassets */,
				F42EA36C1F7A1B7A00C492F2 /* LaunchScreen.storyboard */,
				F42EA36F1F7A1B7A00C492F2 /* Info.plist */,
				F4AFB75A1F7BC64F00188EC4 /* enumPlayground.playground */,
			);
			path = Structures;
			sourceTree = "<group>";
		};
		F42EA3771F7A1B7A00C492F2 /* StructuresTests */ = {
			isa = PBXGroup;
			children = (
				F42EA3781F7A1B7A00C492F2 /* StructuresTests.swift */,
				F42EA37A1F7A1B7A00C492F2 /* Info.plist */,
			);
			path = StructuresTests;
			sourceTree = "<group>";
		};
		F42EA3821F7A1B7A00C492F2 /* StructuresUITests */ = {
			isa = PBXGroup;
			children = (
				F42EA3831F7A1B7A00C492F2 /* StructuresUITests.swift */,
				F42EA3851F7A1B7A00C492F2 /* Info.plist */,
			);
			path = StructuresUITests;
			sourceTree = "<group>";
		};
/* End PBXGroup section */

/* Begin PBXNativeTarget section */
		F42EA35F1F7A1B7900C492F2 /* Structures */ = {
			isa = PBXNativeTarget;
			buildConfigurationList = F42EA3881F7A1B7A00C492F2 /* Build configuration list for PBXNativeTarget "Structures" */;
			buildPhases = (
				F42EA35C1F7A1B7900C492F2 /* Sources */,
				F42EA35D1F7A1B7900C492F2 /* Frameworks */,
				F42EA35E1F7A1B7900C492F2 /* Resources */,
			);
			buildRules = (
			);
			dependencies = (
			);
			name = Structures;
			productName = Structures;
			productReference = F42EA3601F7A1B7A00C492F2 /* Structures.app */;
			productType = "com.apple.product-type.application";
		};
		F42EA3731F7A1B7A00C492F2 /* StructuresTests */ = {
			isa = PBXNativeTarget;
			buildConfigurationList = F42EA38B1F7A1B7A00C492F2 /* Build configuration list for PBXNativeTarget "StructuresTests" */;
			buildPhases = (
				F42EA3701F7A1B7A00C492F2 /* Sources */,
				F42EA3711F7A1B7A00C492F2 /* Frameworks */,
				F42EA3721F7A1B7A00C492F2 /* Resources */,
			);
			buildRules = (
			);
			dependencies = (
				F42EA3761F7A1B7A00C492F2 /* PBXTargetDependency */,
			);
			name = StructuresTests;
			productName = StructuresTests;
			productReference = F42EA3741F7A1B7A00C492F2 /* StructuresTests.xctest */;
			productType = "com.apple.product-type.bundle.unit-test";
		};
		F42EA37E1F7A1B7A00C492F2 /* StructuresUITests */ = {
			isa = PBXNativeTarget;
			buildConfigurationList = F42EA38E1F7A1B7A00C492F2 /* Build configuration list for PBXNativeTarget "StructuresUITests" */;
			buildPhases = (
				F42EA37B1F7A1B7A00C492F2 /* Sources */,
				F42EA37C1F7A1B7A00C492F2 /* Frameworks */,
				F42EA37D1F7A1B7A00C492F2 /* Resources */,
			);
			buildRules = (
			);
			dependencies = (
				F42EA3811F7A1B7A00C492F2 /* PBXTargetDependency */,
			);
			name = StructuresUITests;
			productName = StructuresUITests;
			productReference = F42EA37F1F7A1B7A00C492F2 /* StructuresUITests.xctest */;
			productType = "com.apple.product-type.bundle.ui-testing";
		};
/* End PBXNativeTarget section */

/* Begin PBXProject section */
		F42EA3581F7A1B7900C492F2 /* Project object */ = {
			isa = PBXProject;
			attributes = {
				LastSwiftUpdateCheck = 0830;
				LastUpgradeCheck = 0830;
				ORGANIZATIONNAME = Gaurav;
				TargetAttributes = {
					F42EA35F1F7A1B7900C492F2 = {
						CreatedOnToolsVersion = 8.3.3;
						DevelopmentTeam = SG3KCU48ZD;
						ProvisioningStyle = Automatic;
					};
					F42EA3731F7A1B7A00C492F2 = {
						CreatedOnToolsVersion = 8.3.3;
						DevelopmentTeam = SG3KCU48ZD;
						ProvisioningStyle = Automatic;
						TestTargetID = F42EA35F1F7A1B7900C492F2;
					};
					F42EA37E1F7A1B7A00C492F2 = {
						CreatedOnToolsVersion = 8.3.3;
						DevelopmentTeam = SG3KCU48ZD;
						ProvisioningStyle = Automatic;
						TestTargetID = F42EA35F1F7A1B7900C492F2;
					};
				};
			};
			buildConfigurationList = F42EA35B1F7A1B7900C492F2 /* Build configuration list for PBXProject "Structures" */;
			compatibilityVersion = "Xcode 3.2";
			developmentRegion = English;
			hasScannedForEncodings = 0;
			knownRegions = (
				en,
				Base,
			);
			mainGroup = F42EA3571F7A1B7900C492F2;
			productRefGroup = F42EA3611F7A1B7A00C492F2 /* Products */;
			projectDirPath = "";
			projectRoot = "";
			targets = (
				F42EA35F1F7A1B7900C492F2 /* Structures */,
				F42EA3731F7A1B7A00C492F2 /* StructuresTests */,
				F42EA37E1F7A1B7A00C492F2 /* StructuresUITests */,
			);
		};
/* End PBXProject section */

/* Begin PBXResourcesBuildPhase section */
		F42EA35E1F7A1B7900C492F2 /* Resources */ = {
			isa = PBXResourcesBuildPhase;
			buildActionMask = 2147483647;
			files = (
				F42EA36E1F7A1B7A00C492F2 /* LaunchScreen.storyboard in Resources */,
				F42EA36B1F7A1B7A00C492F2 /* Assets.xcassets in Resources */,
				F42EA3691F7A1B7A00C492F2 /* Main.storyboard in Resources */,
			);
			runOnlyForDeploymentPostprocessing = 0;
		};
		F42EA3721F7A1B7A00C492F2 /* Resources */ = {
			isa = PBXResourcesBuildPhase;
			buildActionMask = 2147483647;
			files = (
			);
			runOnlyForDeploymentPostprocessing = 0;
		};
		F42EA37D1F7A1B7A00C492F2 /* Resources */ = {
			isa = PBXResourcesBuildPhase;
			buildActionMask = 2147483647;
			files = (
			);
			runOnlyForDeploymentPostprocessing = 0;
		};
/* End PBXResourcesBuildPhase section */

/* Begin PBXSourcesBuildPhase section */
		F42EA35C1F7A1B7900C492F2 /* Sources */ = {
			isa = PBXSourcesBuildPhase;
			buildActionMask = 2147483647;
			files = (
				F42EA3661F7A1B7A00C492F2 /* ViewController.swift in Sources */,
				F42EA3641F7A1B7A00C492F2 /* AppDelegate.swift in Sources */,
			);
			runOnlyForDeploymentPostprocessing = 0;
		};
		F42EA3701F7A1B7A00C492F2 /* Sources */ = {
			isa = PBXSourcesBuildPhase;
			buildActionMask = 2147483647;
			files = (
				F42EA3791F7A1B7A00C492F2 /* StructuresTests.swift in Sources */,
			);
			runOnlyForDeploymentPostprocessing = 0;
		};
		F42EA37B1F7A1B7A00C492F2 /* Sources */ = {
			isa = PBXSourcesBuildPhase;
			buildActionMask = 2147483647;
			files = (
				F42EA3841F7A1B7A00C492F2 /* StructuresUITests.swift in Sources */,
			);
			runOnlyForDeploymentPostprocessing = 0;
		};
/* End PBXSourcesBuildPhase section */

/* Begin PBXTargetDependency section */
		F42EA3761F7A1B7A00C492F2 /* PBXTargetDependency */ = {
			isa = PBXTargetDependency;
			target = F42EA35F1F7A1B7900C492F2 /* Structures */;
			targetProxy = F42EA3751F7A1B7A00C492F2 /* PBXContainerItemProxy */;
		};
		F42EA3811F7A1B7A00C492F2 /* PBXTargetDependency */ = {
			isa = PBXTargetDependency;
			target = F42EA35F1F7A1B7900C492F2 /* Structures */;
			targetProxy = F42EA3801F7A1B7A00C492F2 /* PBXContainerItemProxy */;
		};
/* End PBXTargetDependency section */

/* Begin PBXVariantGroup section */
		F42EA3671F7A1B7A00C492F2 /* Main.storyboard */ = {
			isa = PBXVariantGroup;
			children = (
				F42EA3681F7A1B7A00C492F2 /* Base */,
			);
			name = Main.storyboard;
			sourceTree = "<group>";
		};
		F42EA36C1F7A1B7A00C492F2 /* LaunchScreen.storyboard */ = {
			isa = PBXVariantGroup;
			children = (
				F42EA36D1F7A1B7A00C492F2 /* Base */,
			);
			name = LaunchScreen.storyboard;
			sourceTree = "<group>";
		};
/* End PBXVariantGroup section */

/* Begin XCBuildConfiguration section */
		F42EA3861F7A1B7A00C492F2 /* Debug */ = {
			isa = XCBuildConfiguration;
			buildSettings = {
				ALWAYS_SEARCH_USER_PATHS = NO;
				CLANG_ANALYZER_NONNULL = YES;
				CLANG_ANALYZER_NUMBER_OBJECT_CONVERSION = YES_AGGRESSIVE;
				CLANG_CXX_LANGUAGE_STANDARD = "gnu++0x";
				CLANG_CXX_LIBRARY = "libc++";
				CLANG_ENABLE_MODULES = YES;
				CLANG_ENABLE_OBJC_ARC = YES;
				CLANG_WARN_BOOL_CONVERSION = YES;
				CLANG_WARN_CONSTANT_CONVERSION = YES;
				CLANG_WARN_DIRECT_OBJC_ISA_USAGE = YES_ERROR;
				CLANG_WARN_DOCUMENTATION_COMMENTS = YES;
				CLANG_WARN_EMPTY_BODY = YES;
				CLANG_WARN_ENUM_CONVERSION = YES;
				CLANG_WARN_INFINITE_RECURSION = YES;
				CLANG_WARN_INT_CONVERSION = YES;
				CLANG_WARN_OBJC_ROOT_CLASS = YES_ERROR;
				CLANG_WARN_SUSPICIOUS_MOVE = YES;
				CLANG_WARN_UNREACHABLE_CODE = YES;
				CLANG_WARN__DUPLICATE_METHOD_MATCH = YES;
				"CODE_SIGN_IDENTITY[sdk=iphoneos*]" = "iPhone Developer";
				COPY_PHASE_STRIP = NO;
				DEBUG_INFORMATION_FORMAT = dwarf;
				ENABLE_STRICT_OBJC_MSGSEND = YES;
				ENABLE_TESTABILITY = YES;
				GCC_C_LANGUAGE_STANDARD = gnu99;
				GCC_DYNAMIC_NO_PIC = NO;
				GCC_NO_COMMON_BLOCKS = YES;
				GCC_OPTIMIZATION_LEVEL = 0;
				GCC_PREPROCESSOR_DEFINITIONS = (
					"DEBUG=1",
					"$(inherited)",
				);
				GCC_WARN_64_TO_32_BIT_CONVERSION = YES;
				GCC_WARN_ABOUT_RETURN_TYPE = YES_ERROR;
				GCC_WARN_UNDECLARED_SELECTOR = YES;
				GCC_WARN_UNINITIALIZED_AUTOS = YES_AGGRESSIVE;
				GCC_WARN_UNUSED_FUNCTION = YES;
				GCC_WARN_UNUSED_VARIABLE = YES;
				IPHONEOS_DEPLOYMENT_TARGET = 10.3;
				MTL_ENABLE_DEBUG_INFO = YES;
				ONLY_ACTIVE_ARCH = YES;
				SDKROOT = iphoneos;
				SWIFT_ACTIVE_COMPILATION_CONDITIONS = DEBUG;
				SWIFT_OPTIMIZATION_LEVEL = "-Onone";
			};
			name = Debug;
		};
		F42EA3871F7A1B7A00C492F2 /* Release */ = {
			isa = XCBuildConfiguration;
			buildSettings = {
				ALWAYS_SEARCH_USER_PATHS = NO;
				CLANG_ANALYZER_NONNULL = YES;
				CLANG_ANALYZER_NUMBER_OBJECT_CONVERSION = YES_AGGRESSIVE;
				CLANG_CXX_LANGUAGE_STANDARD = "gnu++0x";
				CLANG_CXX_LIBRARY = "libc++";
				CLANG_ENABLE_MODULES = YES;
				CLANG_ENABLE_OBJC_ARC = YES;
				CLANG_WARN_BOOL_CONVERSION = YES;
				CLANG_WARN_CONSTANT_CONVERSION = YES;
				CLANG_WARN_DIRECT_OBJC_ISA_USAGE = YES_ERROR;
				CLANG_WARN_DOCUMENTATION_COMMENTS = YES;
				CLANG_WARN_EMPTY_BODY = YES;
				CLANG_WARN_ENUM_CONVERSION = YES;
				CLANG_WARN_INFINITE_RECURSION = YES;
				CLANG_WARN_INT_CONVERSION = YES;
				CLANG_WARN_OBJC_ROOT_CLASS = YES_ERROR;
				CLANG_WARN_SUSPICIOUS_MOVE = YES;
				CLANG_WARN_UNREACHABLE_CODE = YES;
				CLANG_WARN__DUPLICATE_METHOD_MATCH = YES;
				"CODE_SIGN_IDENTITY[sdk=iphoneos*]" = "iPhone Developer";
				COPY_PHASE_STRIP = NO;
				DEBUG_INFORMATION_FORMAT = "dwarf-with-dsym";
				ENABLE_NS_ASSERTIONS = NO;
				ENABLE_STRICT_OBJC_MSGSEND = YES;
				GCC_C_LANGUAGE_STANDARD = gnu99;
				GCC_NO_COMMON_BLOCKS = YES;
				GCC_WARN_64_TO_32_BIT_CONVERSION = YES;
				GCC_WARN_ABOUT_RETURN_TYPE = YES_ERROR;
				GCC_WARN_UNDECLARED_SELECTOR = YES;
				GCC_WARN_UNINITIALIZED_AUTOS = YES_AGGRESSIVE;
				GCC_WARN_UNUSED_FUNCTION = YES;
				GCC_WARN_UNUSED_VARIABLE = YES;
				IPHONEOS_DEPLOYMENT_TARGET = 10.3;
				MTL_ENABLE_DEBUG_INFO = NO;
				SDKROOT = iphoneos;
				SWIFT_OPTIMIZATION_LEVEL = "-Owholemodule";
				VALIDATE_PRODUCT = YES;
			};
			name = Release;
		};
		F42EA3891F7A1B7A00C492F2 /* Debug */ = {
			isa = XCBuildConfiguration;
			buildSettings = {
				ASSETCATALOG_COMPILER_APPICON_NAME = AppIcon;
				DEVELOPMENT_TEAM = SG3KCU48ZD;
				INFOPLIST_FILE = Structures/Info.plist;
				LD_RUNPATH_SEARCH_PATHS = "$(inherited) @executable_path/Frameworks";
				PRODUCT_BUNDLE_IDENTIFIER = test.Structures;
				PRODUCT_NAME = "$(TARGET_NAME)";
				SWIFT_VERSION = 3.0;
			};
			name = Debug;
		};
		F42EA38A1F7A1B7A00C492F2 /* Release */ = {
			isa = XCBuildConfiguration;
			buildSettings = {
				ASSETCATALOG_COMPILER_APPICON_NAME = AppIcon;
				DEVELOPMENT_TEAM = SG3KCU48ZD;
				INFOPLIST_FILE = Structures/Info.plist;
				LD_RUNPATH_SEARCH_PATHS = "$(inherited) @executable_path/Frameworks";
				PRODUCT_BUNDLE_IDENTIFIER = test.Structures;
				PRODUCT_NAME = "$(TARGET_NAME)";
				SWIFT_VERSION = 3.0;
			};
			name = Release;
		};
		F42EA38C1F7A1B7A00C492F2 /* Debug */ = {
			isa = XCBuildConfiguration;
			buildSettings = {
				ALWAYS_EMBED_SWIFT_STANDARD_LIBRARIES = YES;
				BUNDLE_LOADER = "$(TEST_HOST)";
				DEVELOPMENT_TEAM = SG3KCU48ZD;
				INFOPLIST_FILE = StructuresTests/Info.plist;
				LD_RUNPATH_SEARCH_PATHS = "$(inherited) @executable_path/Frameworks @loader_path/Frameworks";
				PRODUCT_BUNDLE_IDENTIFIER = test.StructuresTests;
				PRODUCT_NAME = "$(TARGET_NAME)";
				SWIFT_VERSION = 3.0;
				TEST_HOST = "$(BUILT_PRODUCTS_DIR)/Structures.app/Structures";
			};
			name = Debug;
		};
		F42EA38D1F7A1B7A00C492F2 /* Release */ = {
			isa = XCBuildConfiguration;
			buildSettings = {
				ALWAYS_EMBED_SWIFT_STANDARD_LIBRARIES = YES;
				BUNDLE_LOADER = "$(TEST_HOST)";
				DEVELOPMENT_TEAM = SG3KCU48ZD;
				INFOPLIST_FILE = StructuresTests/Info.plist;
				LD_RUNPATH_SEARCH_PATHS = "$(inherited) @executable_path/Frameworks @loader_path/Frameworks";
				PRODUCT_BUNDLE_IDENTIFIER = test.StructuresTests;
				PRODUCT_NAME = "$(TARGET_NAME)";
				SWIFT_VERSION = 3.0;
				TEST_HOST = "$(BUILT_PRODUCTS_DIR)/Structures.app/Structures";
			};
			name = Release;
		};
		F42EA38F1F7A1B7A00C492F2 /* Debug */ = {
			isa = XCBuildConfiguration;
			buildSettings = {
				ALWAYS_EMBED_SWIFT_STANDARD_LIBRARIES = YES;
				DEVELOPMENT_TEAM = SG3KCU48ZD;
				INFOPLIST_FILE = StructuresUITests/Info.plist;
				LD_RUNPATH_SEARCH_PATHS = "$(inherited) @executable_path/Frameworks @loader_path/Frameworks";
				PRODUCT_BUNDLE_IDENTIFIER = test.StructuresUITests;
				PRODUCT_NAME = "$(TARGET_NAME)";
				SWIFT_VERSION = 3.0;
				TEST_TARGET_NAME = Structures;
			};
			name = Debug;
		};
		F42EA3901F7A1B7A00C492F2 /* Release */ = {
			isa = XCBuildConfiguration;
			buildSettings = {
				ALWAYS_EMBED_SWIFT_STANDARD_LIBRARIES = YES;
				DEVELOPMENT_TEAM = SG3KCU48ZD;
				INFOPLIST_FILE = StructuresUITests/Info.plist;
				LD_RUNPATH_SEARCH_PATHS = "$(inherited) @executable_path/Frameworks @loader_path/Frameworks";
				PRODUCT_BUNDLE_IDENTIFIER = test.StructuresUITests;
				PRODUCT_NAME = "$(TARGET_NAME)";
				SWIFT_VERSION = 3.0;
				TEST_TARGET_NAME = Structures;
			};
			name = Release;
		};
/* End XCBuildConfiguration section */

/* Begin XCConfigurationList section */
		F42EA35B1F7A1B7900C492F2 /* Build configuration list for PBXProject "Structures" */ = {
			isa = XCConfigurationList;
			buildConfigurations = (
				F42EA3861F7A1B7A00C492F2 /* Debug */,
				F42EA3871F7A1B7A00C492F2 /* Release */,
			);
			defaultConfigurationIsVisible = 0;
			defaultConfigurationName = Release;
		};
		F42EA3881F7A1B7A00C492F2 /* Build configuration list for PBXNativeTarget "Structures" */ = {
			isa = XCConfigurationList;
			buildConfigurations = (
				F42EA3891F7A1B7A00C492F2 /* Debug */,
				F42EA38A1F7A1B7A00C492F2 /* Release */,
			);
			defaultConfigurationIsVisible = 0;
			defaultConfigurationName = Release;
		};
		F42EA38B1F7A1B7A00C492F2 /* Build configuration list for PBXNativeTarget "StructuresTests" */ = {
			isa = XCConfigurationList;
			buildConfigurations = (
				F42EA38C1F7A1B7A00C492F2 /* Debug */,
				F42EA38D1F7A1B7A00C492F2 /* Release */,
			);
			defaultConfigurationIsVisible = 0;
			defaultConfigurationName = Release;
		};
		F42EA38E1F7A1B7A00C492F2 /* Build configuration list for PBXNativeTarget "StructuresUITests" */ = {
			isa = XCConfigurationList;
			buildConfigurations = (
				F42EA38F1F7A1B7A00C492F2 /* Debug */,
				F42EA3901F7A1B7A00C492F2 /* Release */,
			);
			defaultConfigurationIsVisible = 0;
			defaultConfigurationName = Release;
		};
/* End XCConfigurationList section */
	};
	rootObject = F42EA3581F7A1B7900C492F2 /* Project object */;
}
